
Microsoft Visual Studio Solution File, Format Version 12.00
# Visual Studio 2015
Project("{FAE04EC0-301F-11D3-BF4B-00C04F79EFBC}") = "CityGameActualRepo", "CityGameActualRepo.csproj", "{3709D74D-2C0A-C065-5CF0-323BEDBD15DC}"
EndProject
Project("{FAE04EC0-301F-11D3-BF4B-00C04F79EFBC}") = "CityGameActualRepo.Editor", "CityGameActualRepo.Editor.csproj", "{1B1EF078-8566-C210-994B-72E3114DF432}"
EndProject
Global
	GlobalSection(SolutionConfigurationPlatforms) = preSolution
		Debug|Any CPU = Debug|Any CPU
		Release|Any CPU = Release|Any CPU
	EndGlobalSection
	GlobalSection(ProjectConfigurationPlatforms) = postSolution
		{3709D74D-2C0A-C065-5CF0-323BEDBD15DC}.Debug|Any CPU.ActiveCfg = Debug|Any CPU
		{3709D74D-2C0A-C065-5CF0-323BEDBD15DC}.Debug|Any CPU.Build.0 = Debug|Any CPU
		{3709D74D-2C0A-C065-5CF0-323BEDBD15DC}.Release|Any CPU.ActiveCfg = Release|Any CPU
		{3709D74D-2C0A-C065-5CF0-323BEDBD15DC}.Release|Any CPU.Build.0 = Release|Any CPU
		{1B1EF078-8566-C210-994B-72E3114DF432}.Debug|Any CPU.ActiveCfg = Debug|Any CPU
		{1B1EF078-8566-C210-994B-72E3114DF432}.Debug|Any CPU.Build.0 = Debug|Any CPU
		{1B1EF078-8566-C210-994B-72E3114DF432}.Release|Any CPU.ActiveCfg = Release|Any CPU
		{1B1EF078-8566-C210-994B-72E3114DF432}.Release|Any CPU.Build.0 = Release|Any CPU
	EndGlobalSection
	GlobalSection(SolutionProperties) = preSolution
		HideSolutionNode = FALSE
	EndGlobalSection
EndGlobal
