
Microsoft Visual Studio Solution File, Format Version 12.00
# Visual Studio 2015
Project("{FAE04EC0-301F-11D3-BF4B-00C04F79EFBC}") = "CityGameNew", "CityGameNew.csproj", "{1124CBA1-5D4F-6BBB-8FB0-E200936C3916}"
EndProject
Project("{FAE04EC0-301F-11D3-BF4B-00C04F79EFBC}") = "CityGameNew.Editor", "CityGameNew.Editor.csproj", "{BBF21A80-A056-2DAD-F3CB-58BB85A46E5D}"
EndProject
Global
	GlobalSection(SolutionConfigurationPlatforms) = preSolution
		Debug|Any CPU = Debug|Any CPU
		Release|Any CPU = Release|Any CPU
	EndGlobalSection
	GlobalSection(ProjectConfigurationPlatforms) = postSolution
		{1124CBA1-5D4F-6BBB-8FB0-E200936C3916}.Debug|Any CPU.ActiveCfg = Debug|Any CPU
		{1124CBA1-5D4F-6BBB-8FB0-E200936C3916}.Debug|Any CPU.Build.0 = Debug|Any CPU
		{1124CBA1-5D4F-6BBB-8FB0-E200936C3916}.Release|Any CPU.ActiveCfg = Release|Any CPU
		{1124CBA1-5D4F-6BBB-8FB0-E200936C3916}.Release|Any CPU.Build.0 = Release|Any CPU
		{BBF21A80-A056-2DAD-F3CB-58BB85A46E5D}.Debug|Any CPU.ActiveCfg = Debug|Any CPU
		{BBF21A80-A056-2DAD-F3CB-58BB85A46E5D}.Debug|Any CPU.Build.0 = Debug|Any CPU
		{BBF21A80-A056-2DAD-F3CB-58BB85A46E5D}.Release|Any CPU.ActiveCfg = Release|Any CPU
		{BBF21A80-A056-2DAD-F3CB-58BB85A46E5D}.Release|Any CPU.Build.0 = Release|Any CPU
	EndGlobalSection
	GlobalSection(SolutionProperties) = preSolution
		HideSolutionNode = FALSE
	EndGlobalSection
EndGlobal
