
Microsoft Visual Studio Solution File, Format Version 12.00
# Visual Studio 2015
Project("{FAE04EC0-301F-11D3-BF4B-00C04F79EFBC}") = "DreamProjectProto", "DreamProjectProto.csproj", "{5A5A47EE-3C92-1420-C6CE-FCD69D81D9CB}"
EndProject
Project("{FAE04EC0-301F-11D3-BF4B-00C04F79EFBC}") = "DreamProjectProto.Editor", "DreamProjectProto.Editor.csproj", "{0E732C29-EEBF-7D5A-0408-ECE74B77B49A}"
EndProject
Global
	GlobalSection(SolutionConfigurationPlatforms) = preSolution
		Debug|Any CPU = Debug|Any CPU
		Release|Any CPU = Release|Any CPU
	EndGlobalSection
	GlobalSection(ProjectConfigurationPlatforms) = postSolution
		{5A5A47EE-3C92-1420-C6CE-FCD69D81D9CB}.Debug|Any CPU.ActiveCfg = Debug|Any CPU
		{5A5A47EE-3C92-1420-C6CE-FCD69D81D9CB}.Debug|Any CPU.Build.0 = Debug|Any CPU
		{5A5A47EE-3C92-1420-C6CE-FCD69D81D9CB}.Release|Any CPU.ActiveCfg = Release|Any CPU
		{5A5A47EE-3C92-1420-C6CE-FCD69D81D9CB}.Release|Any CPU.Build.0 = Release|Any CPU
		{0E732C29-EEBF-7D5A-0408-ECE74B77B49A}.Debug|Any CPU.ActiveCfg = Debug|Any CPU
		{0E732C29-EEBF-7D5A-0408-ECE74B77B49A}.Debug|Any CPU.Build.0 = Debug|Any CPU
		{0E732C29-EEBF-7D5A-0408-ECE74B77B49A}.Release|Any CPU.ActiveCfg = Release|Any CPU
		{0E732C29-EEBF-7D5A-0408-ECE74B77B49A}.Release|Any CPU.Build.0 = Release|Any CPU
	EndGlobalSection
	GlobalSection(SolutionProperties) = preSolution
		HideSolutionNode = FALSE
	EndGlobalSection
EndGlobal
